
Microsoft Visual Studio Solution File, Format Version 12.00
# Visual Studio Version 16
VisualStudioVersion = 16.0.28902.138
MinimumVisualStudioVersion = 10.0.40219.1
Project("{9A19103F-16F7-4668-BE54-9A1E7A4F7556}") = "System.Private.CoreLib", "System.Private.CoreLib.csproj", "{3DA06C3A-2E7B-4CB7-80ED-9B12916013F9}"
EndProject
Global
	GlobalSection(SolutionConfigurationPlatforms) = preSolution
		Checked|amd64 = Checked|amd64
		Checked|arm = Checked|arm
		Checked|arm64 = Checked|arm64
		Checked|x86 = Checked|x86
		Debug|amd64 = Debug|amd64
		Debug|arm = Debug|arm
		Debug|arm64 = Debug|arm64
		Debug|x86 = Debug|x86
		Release|amd64 = Release|amd64
		Release|arm = Release|arm
		Release|arm64 = Release|arm64
		Release|x86 = Release|x86
	EndGlobalSection
	GlobalSection(ProjectConfigurationPlatforms) = postSolution
		{3DA06C3A-2E7B-4CB7-80ED-9B12916013F9}.Checked|amd64.ActiveCfg = Debug|Any CPU
		{3DA06C3A-2E7B-4CB7-80ED-9B12916013F9}.Checked|amd64.Build.0 = Debug|Any CPU
		{3DA06C3A-2E7B-4CB7-80ED-9B12916013F9}.Checked|arm.ActiveCfg = Debug|Any CPU
		{3DA06C3A-2E7B-4CB7-80ED-9B12916013F9}.Checked|arm.Build.0 = Debug|Any CPU
		{3DA06C3A-2E7B-4CB7-80ED-9B12916013F9}.Checked|arm64.ActiveCfg = Debug|Any CPU
		{3DA06C3A-2E7B-4CB7-80ED-9B12916013F9}.Checked|arm64.Build.0 = Debug|Any CPU
		{3DA06C3A-2E7B-4CB7-80ED-9B12916013F9}.Checked|x86.ActiveCfg = Debug|Any CPU
		{3DA06C3A-2E7B-4CB7-80ED-9B12916013F9}.Checked|x86.Build.0 = Debug|Any CPU
		{3DA06C3A-2E7B-4CB7-80ED-9B12916013F9}.Debug|amd64.ActiveCfg = Debug|Any CPU
		{3DA06C3A-2E7B-4CB7-80ED-9B12916013F9}.Debug|amd64.Build.0 = Debug|Any CPU
		{3DA06C3A-2E7B-4CB7-80ED-9B12916013F9}.Debug|arm.ActiveCfg = Debug|Any CPU
		{3DA06C3A-2E7B-4CB7-80ED-9B12916013F9}.Debug|arm.Build.0 = Debug|Any CPU
		{3DA06C3A-2E7B-4CB7-80ED-9B12916013F9}.Debug|arm64.ActiveCfg = Debug|Any CPU
		{3DA06C3A-2E7B-4CB7-80ED-9B12916013F9}.Debug|arm64.Build.0 = Debug|Any CPU
		{3DA06C3A-2E7B-4CB7-80ED-9B12916013F9}.Debug|x86.ActiveCfg = Debug|Any CPU
		{3DA06C3A-2E7B-4CB7-80ED-9B12916013F9}.Debug|x86.Build.0 = Debug|Any CPU
		{3DA06C3A-2E7B-4CB7-80ED-9B12916013F9}.Release|amd64.ActiveCfg = Release|Any CPU
		{3DA06C3A-2E7B-4CB7-80ED-9B12916013F9}.Release|amd64.Build.0 = Release|Any CPU
		{3DA06C3A-2E7B-4CB7-80ED-9B12916013F9}.Release|arm.ActiveCfg = Release|Any CPU
		{3DA06C3A-2E7B-4CB7-80ED-9B12916013F9}.Release|arm.Build.0 = Release|Any CPU
		{3DA06C3A-2E7B-4CB7-80ED-9B12916013F9}.Release|arm64.ActiveCfg = Release|Any CPU
		{3DA06C3A-2E7B-4CB7-80ED-9B12916013F9}.Release|arm64.Build.0 = Release|Any CPU
		{3DA06C3A-2E7B-4CB7-80ED-9B12916013F9}.Release|x86.ActiveCfg = Release|Any CPU
		{3DA06C3A-2E7B-4CB7-80ED-9B12916013F9}.Release|x86.Build.0 = Release|Any CPU
	EndGlobalSection
	GlobalSection(SolutionProperties) = preSolution
		HideSolutionNode = FALSE
	EndGlobalSection
	GlobalSection(ExtensibilityGlobals) = postSolution
		SolutionGuid = {DA05075A-7CDA-4F65-AF6A-CB5DB6CF936F}
	EndGlobalSection
EndGlobal
