
Microsoft Visual Studio Solution File, Format Version 12.00
# Visual Studio 15
VisualStudioVersion = 15.0.26124.0
MinimumVisualStudioVersion = 15.0.26124.0
Project("{2150E333-8FDC-42A3-9474-1A3956D46DE8}") = "src", "src", "{467D44CA-6397-42E6-BAF1-3C01FACF3FD2}"
EndProject
Project("{2150E333-8FDC-42A3-9474-1A3956D46DE8}") = "JIT", "JIT", "{464C3E4B-CA52-408A-8441-654B89CDF3E6}"
EndProject
Project("{FAE04EC0-301F-11D3-BF4B-00C04F79EFBC}") = "Eq1_d", "src\JIT\CodeGenBringUpTests\Eq1_d.csproj", "{601DE23D-7202-4226-8E50-554C33D770B3}"
EndProject
Global
	GlobalSection(SolutionConfigurationPlatforms) = preSolution
		Debug|Any CPU = Debug|Any CPU
		Debug|x64 = Debug|x64
		Debug|x86 = Debug|x86
		Release|Any CPU = Release|Any CPU
		Release|x64 = Release|x64
		Release|x86 = Release|x86
	EndGlobalSection
	GlobalSection(SolutionProperties) = preSolution
		HideSolutionNode = FALSE
	EndGlobalSection
	GlobalSection(ProjectConfigurationPlatforms) = postSolution
		{601DE23D-7202-4226-8E50-554C33D770B3}.Debug|Any CPU.ActiveCfg = Debug|Any CPU
		{601DE23D-7202-4226-8E50-554C33D770B3}.Debug|Any CPU.Build.0 = Debug|Any CPU
		{601DE23D-7202-4226-8E50-554C33D770B3}.Debug|x64.ActiveCfg = Debug|x64
		{601DE23D-7202-4226-8E50-554C33D770B3}.Debug|x64.Build.0 = Debug|Any CPU
		{601DE23D-7202-4226-8E50-554C33D770B3}.Debug|x86.ActiveCfg = Debug|Any CPU
		{601DE23D-7202-4226-8E50-554C33D770B3}.Debug|x86.Build.0 = Debug|Any CPU
		{601DE23D-7202-4226-8E50-554C33D770B3}.Release|Any CPU.ActiveCfg = Release|Any CPU
		{601DE23D-7202-4226-8E50-554C33D770B3}.Release|Any CPU.Build.0 = Release|Any CPU
		{601DE23D-7202-4226-8E50-554C33D770B3}.Release|x64.ActiveCfg = Release|Any CPU
		{601DE23D-7202-4226-8E50-554C33D770B3}.Release|x64.Build.0 = Release|Any CPU
		{601DE23D-7202-4226-8E50-554C33D770B3}.Release|x86.ActiveCfg = Release|Any CPU
		{601DE23D-7202-4226-8E50-554C33D770B3}.Release|x86.Build.0 = Release|Any CPU
	EndGlobalSection
	GlobalSection(NestedProjects) = preSolution
		{464C3E4B-CA52-408A-8441-654B89CDF3E6} = {467D44CA-6397-42E6-BAF1-3C01FACF3FD2}
		{601DE23D-7202-4226-8E50-554C33D770B3} = {464C3E4B-CA52-408A-8441-654B89CDF3E6}
	EndGlobalSection
EndGlobal
