
Microsoft Visual Studio Solution File, Format Version 12.00
# Visual Studio 15
VisualStudioVersion = 15.0.26124.0
MinimumVisualStudioVersion = 15.0.26124.0
Project("{2150E333-8FDC-42A3-9474-1A3956D46DE8}") = "JIT", "JIT", "{6C95E730-6EE2-4BD0-BC2E-FE6825D024DA}"
EndProject
Project("{2150E333-8FDC-42A3-9474-1A3956D46DE8}") = "Generics", "Generics", "{3D36D48A-2EDD-4B3C-951D-8AF7F9BB5063}"
EndProject
Project("{2150E333-8FDC-42A3-9474-1A3956D46DE8}") = "Instantiation", "Instantiation", "{A285F1D1-DF4A-40B8-A9EC-41EF1D740387}"
EndProject
Project("{FAE04EC0-301F-11D3-BF4B-00C04F79EFBC}") = "struct01", "JIT\Generics\Instantiation\Structs\struct01.csproj", "{320804D0-53D4-4799-95CF-AE10C670C032}"
EndProject
Project("{FAE04EC0-301F-11D3-BF4B-00C04F79EFBC}") = "struct03", "JIT\Generics\Instantiation\Structs\struct03.csproj", "{4ED2C098-36DB-41CE-AA04-EDF02F1D63B0}"
EndProject
Project("{2150E333-8FDC-42A3-9474-1A3956D46DE8}") = "HardwareIntrinsics", "HardwareIntrinsics", "{6D42A32B-FB4F-49A4-B831-A4651D434B90}"
EndProject
Project("{2150E333-8FDC-42A3-9474-1A3956D46DE8}") = "X86", "X86", "{D74D0200-2B93-443D-81EE-E2A7522D5DD1}"
EndProject
Project("{FAE04EC0-301F-11D3-BF4B-00C04F79EFBC}") = "Crc32_ro", "JIT\HardwareIntrinsics\X86\Sse42.X64\Crc32_ro.csproj", "{95DFC527-4DC1-495E-97D7-E94EE1F7140D}"
EndProject
Project("{2150E333-8FDC-42A3-9474-1A3956D46DE8}") = "GC", "GC", "{64B33250-74E4-41B0-86D3-FEF0C996AC47}"
EndProject
Project("{2150E333-8FDC-42A3-9474-1A3956D46DE8}") = "LargeMemory", "LargeMemory", "{81F79006-6E0E-4075-96EC-3DFD30E5222C}"
EndProject
Project("{2150E333-8FDC-42A3-9474-1A3956D46DE8}") = "API", "API", "{80BDCC00-D36E-4BA9-BF5D-C23BB6E084B4}"
EndProject
Project("{FAE04EC0-301F-11D3-BF4B-00C04F79EFBC}") = "largeobject", "GC\LargeMemory\API\gc\largeobject.csproj", "{95DFC527-4DC1-495E-97D7-E94EE1F7140D}"
EndProject
Project("{FAE04EC0-301F-11D3-BF4B-00C04F79EFBC}") = "Crypto", "JIT\HardwareIntrinsics\Arm64\Crypto.csproj", "{6CB0BBD7-6399-4955-B727-F99DEE7F7063}"
EndProject
Project("{2150E333-8FDC-42A3-9474-1A3956D46DE8}") = "Methodical", "Methodical", "{39E8D886-E80F-4ECE-9984-0E1DE008CEAD}"
EndProject
Project("{2150E333-8FDC-42A3-9474-1A3956D46DE8}") = "eh", "eh", "{DD4C090F-5F53-4F2C-87C3-117C036EB5BC}"
EndProject
Project("{FAE04EC0-301F-11D3-BF4B-00C04F79EFBC}") = "throwinfinally_do", "JIT\Methodical\eh\basics\throwinfinally_do.csproj", "{95DFC527-4DC1-495E-97D7-E94EE1F7140D}"
EndProject
Project("{2150E333-8FDC-42A3-9474-1A3956D46DE8}") = "Loader", "Loader", "{DD16ACF6-DD6E-4AFB-AF29-D5AF4734EBC9}"
EndProject
Project("{2150E333-8FDC-42A3-9474-1A3956D46DE8}") = "classloader", "classloader", "{B6842204-7C7A-45EF-9063-F67107F160F3}"
EndProject
Project("{2150E333-8FDC-42A3-9474-1A3956D46DE8}") = "generics", "generics", "{3355F344-F327-4B1E-B829-842782F1F573}"
EndProject
Project("{2150E333-8FDC-42A3-9474-1A3956D46DE8}") = "Variance", "Variance", "{3C0F11EE-BEA9-4CCD-B666-9AF273387806}"
EndProject
Project("{FAE04EC0-301F-11D3-BF4B-00C04F79EFBC}") = "Lib", "Loader\classloader\generics\Variance\IL\Lib.ilproj", "{95DFC527-4DC1-495E-97D7-E94EE1F7140D}"
EndProject
Project("{FAE04EC0-301F-11D3-BF4B-00C04F79EFBC}") = "UnpackLow_ro", "JIT\HardwareIntrinsics\X86\Sse\UnpackLow_ro.csproj", "{95DFC527-4DC1-495E-97D7-E94EE1F7140D}"
EndProject
Project("{FAE04EC0-301F-11D3-BF4B-00C04F79EFBC}") = "StoreHigh_r", "JIT\HardwareIntrinsics\X86\Sse2\StoreHigh_r.csproj", "{95DFC527-4DC1-495E-97D7-E94EE1F7140D}"
EndProject
Project("{FAE04EC0-301F-11D3-BF4B-00C04F79EFBC}") = "Avx2_ro", "JIT\HardwareIntrinsics\X86\Avx2\Avx2_ro.csproj", "{95DFC527-4DC1-495E-97D7-E94EE1F7140D}"
EndProject
Project("{2150E333-8FDC-42A3-9474-1A3956D46DE8}") = "MDArray", "MDArray", "{F14A654C-09C7-4CF1-AD55-EE03423349DF}"
EndProject
Project("{FAE04EC0-301F-11D3-BF4B-00C04F79EFBC}") = "jaggedarr_cs_do", "JIT\Methodical\MDArray\InnerProd\jaggedarr_cs_do.csproj", "{708E31E2-7DDD-42D7-8DC9-8E32514A006B}"
EndProject
Project("{FAE04EC0-301F-11D3-BF4B-00C04F79EFBC}") = "classarr_cs_do", "JIT\Methodical\MDArray\basics\classarr_cs_do.csproj", "{666A1E0A-7B7E-4FEA-A709-89B8106126B7}"
EndProject
Project("{FAE04EC0-301F-11D3-BF4B-00C04F79EFBC}") = "MoveMask_r", "JIT\HardwareIntrinsics\X86\Avx2\MoveMask_r.csproj", "{EC7AD883-41EA-4BDC-BFBE-77A78B727D76}"
EndProject
Project("{2150E333-8FDC-42A3-9474-1A3956D46DE8}") = "Scenarios", "Scenarios", "{7E6CF24C-093B-4873-BAF1-B6C6C01743B4}"
EndProject
Project("{FAE04EC0-301F-11D3-BF4B-00C04F79EFBC}") = "singlinkstay", "GC\Scenarios\SingLinkList\singlinkstay.csproj", "{95DFC527-4DC1-495E-97D7-E94EE1F7140D}"
EndProject
Project("{2150E333-8FDC-42A3-9474-1A3956D46DE8}") = "readytorun", "readytorun", "{83F12D5B-1EF8-447D-BFDB-9665EC91B1B0}"
EndProject
Project("{2150E333-8FDC-42A3-9474-1A3956D46DE8}") = "r2rdump", "r2rdump", "{D33E1DF5-45B8-4A6C-9B74-6EBD11265C4B}"
EndProject
Project("{FAE04EC0-301F-11D3-BF4B-00C04F79EFBC}") = "HelloWorld", "readytorun\r2rdump\files\HelloWorld.csproj", "{77A6EF9E-9175-41D4-A132-C412833693B5}"
EndProject
Project("{2150E333-8FDC-42A3-9474-1A3956D46DE8}") = "regressions", "regressions", "{F4D4D162-1609-4398-8EC7-55EE3B6B8B42}"
EndProject
Project("{FAE04EC0-301F-11D3-BF4B-00C04F79EFBC}") = "Library", "Loader\classloader\regressions\dev11_221340\Library.ilproj", "{95DFC527-4DC1-495E-97D7-E94EE1F7140D}"
EndProject
Project("{FAE04EC0-301F-11D3-BF4B-00C04F79EFBC}") = "Sqrt_r", "JIT\HardwareIntrinsics\X86\Sse\Sqrt_r.csproj", "{95DFC527-4DC1-495E-97D7-E94EE1F7140D}"
EndProject
Project("{2150E333-8FDC-42A3-9474-1A3956D46DE8}") = "jit64", "jit64", "{3BAC8BB9-5D80-4FD0-B9A1-F6495F3A7120}"
EndProject
Project("{2150E333-8FDC-42A3-9474-1A3956D46DE8}") = "opt", "opt", "{677A6349-FF75-4873-918C-EA12A34FFC72}"
EndProject
Project("{2150E333-8FDC-42A3-9474-1A3956D46DE8}") = "regress", "regress", "{DD86446C-4EFD-49E6-ACCB-3F1B1AC7123E}"
EndProject
Project("{2150E333-8FDC-42A3-9474-1A3956D46DE8}") = "vswhidbey", "vswhidbey", "{1B4366A1-CA13-4CE2-AB2C-08098E130B1E}"
EndProject
Project("{FAE04EC0-301F-11D3-BF4B-00C04F79EFBC}") = "conv_dbg", "JIT\jit64\opt\regress\vswhidbey\228572\conv_dbg.ilproj", "{95DFC527-4DC1-495E-97D7-E94EE1F7140D}"
EndProject
Project("{2150E333-8FDC-42A3-9474-1A3956D46DE8}") = "regress", "regress", "{92D40557-3B81-47CA-84D8-9A92FD98CCDE}"
EndProject
Project("{2150E333-8FDC-42A3-9474-1A3956D46DE8}") = "vsw", "vsw", "{BA63DE72-B236-4585-B598-92C6FE2CC7B0}"
EndProject
Project("{FAE04EC0-301F-11D3-BF4B-00C04F79EFBC}") = "library1", "JIT\jit64\regress\vsw\568666\library1.csproj", "{95DFC527-4DC1-495E-97D7-E94EE1F7140D}"
EndProject
Project("{FAE04EC0-301F-11D3-BF4B-00C04F79EFBC}") = "Multiply_r", "JIT\HardwareIntrinsics\X86\Avx2\Multiply_r.csproj", "{95DFC527-4DC1-495E-97D7-E94EE1F7140D}"
EndProject
Project("{2150E333-8FDC-42A3-9474-1A3956D46DE8}") = "Directed", "Directed", "{6458F24C-C35F-4AF6-AC76-7FAA416E55AB}"
EndProject
Project("{2150E333-8FDC-42A3-9474-1A3956D46DE8}") = "Misc", "Misc", "{6C720437-9596-4DF5-9CD5-03D2BF3F4E1B}"
EndProject
Project("{FAE04EC0-301F-11D3-BF4B-00C04F79EFBC}") = "gettypetypeofmatrix", "JIT\Directed\Misc\gettype\gettypetypeofmatrix.csproj", "{95DFC527-4DC1-495E-97D7-E94EE1F7140D}"
EndProject
Project("{2150E333-8FDC-42A3-9474-1A3956D46DE8}") = "cctor", "cctor", "{7A9F0FE2-6946-4637-ACF8-824E120392CB}"
EndProject
Project("{2150E333-8FDC-42A3-9474-1A3956D46DE8}") = "misc", "misc", "{72300438-40C1-436F-AE4C-09096E37DE86}"
EndProject
Project("{FAE04EC0-301F-11D3-BF4B-00C04F79EFBC}") = "throw_cs_d", "JIT\Methodical\cctor\misc\Desktop\throw_cs_d.csproj", "{95DFC527-4DC1-495E-97D7-E94EE1F7140D}"
EndProject
Project("{FAE04EC0-301F-11D3-BF4B-00C04F79EFBC}") = "structarr_cs_ro", "JIT\Methodical\MDArray\basics\structarr_cs_ro.csproj", "{37B10A10-D699-4CB0-A5C0-B5A949AC2304}"
EndProject
Project("{FAE04EC0-301F-11D3-BF4B-00C04F79EFBC}") = "jaggedarr_cs_ro", "JIT\Methodical\MDArray\GaussJordan\jaggedarr_cs_ro.csproj", "{2FEDB07F-3F15-458C-BDE8-A0AC979F0F12}"
EndProject
Project("{FAE04EC0-301F-11D3-BF4B-00C04F79EFBC}") = "VectorUnused_ro", "JIT\HardwareIntrinsics\X86\General\VectorUnused_ro.csproj", "{95DFC527-4DC1-495E-97D7-E94EE1F7140D}"
EndProject
Project("{FAE04EC0-301F-11D3-BF4B-00C04F79EFBC}") = "LoadHigh_r", "JIT\HardwareIntrinsics\X86\Sse2\LoadHigh_r.csproj", "{D66EC32E-2B69-42CB-8FED-468315ACC6E6}"
EndProject
Project("{FAE04EC0-301F-11D3-BF4B-00C04F79EFBC}") = "Blend_r", "JIT\HardwareIntrinsics\X86\Sse41\Blend_r.csproj", "{95DFC527-4DC1-495E-97D7-E94EE1F7140D}"
EndProject
Project("{FAE04EC0-301F-11D3-BF4B-00C04F79EFBC}") = "Multiply_ro", "JIT\HardwareIntrinsics\X86\Avx2\Multiply_ro.csproj", "{95DFC527-4DC1-495E-97D7-E94EE1F7140D}"
EndProject
Project("{FAE04EC0-301F-11D3-BF4B-00C04F79EFBC}") = "StoreNonTemporal_ro", "JIT\HardwareIntrinsics\X86\Sse2.X64\StoreNonTemporal_ro.csproj", "{95DFC527-4DC1-495E-97D7-E94EE1F7140D}"
EndProject
Project("{FAE04EC0-301F-11D3-BF4B-00C04F79EFBC}") = "VectorArgs_r", "JIT\HardwareIntrinsics\X86\General\VectorArgs_r.csproj", "{95DFC527-4DC1-495E-97D7-E94EE1F7140D}"
EndProject
Project("{2150E333-8FDC-42A3-9474-1A3956D46DE8}") = "hfa", "hfa", "{49C08100-26F0-416B-BFD5-A3973FA831C4}"
EndProject
Project("{2150E333-8FDC-42A3-9474-1A3956D46DE8}") = "main", "main", "{DE461729-083D-49BA-B3EA-4114BFA28DE6}"
EndProject
Project("{FAE04EC0-301F-11D3-BF4B-00C04F79EFBC}") = "common", "JIT\jit64\hfa\main\dll\common.csproj", "{95DFC527-4DC1-495E-97D7-E94EE1F7140D}"
EndProject
Project("{2150E333-8FDC-42A3-9474-1A3956D46DE8}") = "DefaultInterfaceMethods", "DefaultInterfaceMethods", "{09BAC5BB-3E30-46A1-B951-903E48E7BF96}"
EndProject
Project("{FAE04EC0-301F-11D3-BF4B-00C04F79EFBC}") = "methodimpl", "Loader\classloader\DefaultInterfaceMethods\methodimpl\methodimpl.ilproj", "{95DFC527-4DC1-495E-97D7-E94EE1F7140D}"
EndProject
Project("{FAE04EC0-301F-11D3-BF4B-00C04F79EFBC}") = "Store_ro", "JIT\HardwareIntrinsics\X86\Sse2\Store_ro.csproj", "{95DFC527-4DC1-495E-97D7-E94EE1F7140D}"
EndProject
Project("{FAE04EC0-301F-11D3-BF4B-00C04F79EFBC}") = "Lib2", "Loader\classloader\generics\Variance\CoreCLR\Lib2.ilproj", "{95DFC527-4DC1-495E-97D7-E94EE1F7140D}"
EndProject
Project("{FAE04EC0-301F-11D3-BF4B-00C04F79EFBC}") = "StoreScalar_r", "JIT\HardwareIntrinsics\X86\Sse2\StoreScalar_r.csproj", "{95DFC527-4DC1-495E-97D7-E94EE1F7140D}"
EndProject
Project("{FAE04EC0-301F-11D3-BF4B-00C04F79EFBC}") = "b39946", "JIT\Methodical\Coverage\b39946.ilproj", "{95DFC527-4DC1-495E-97D7-E94EE1F7140D}"
EndProject
Project("{FAE04EC0-301F-11D3-BF4B-00C04F79EFBC}") = "UnpackHigh_r", "JIT\HardwareIntrinsics\X86\Avx\UnpackHigh_r.csproj", "{95DFC527-4DC1-495E-97D7-E94EE1F7140D}"
EndProject
Project("{FAE04EC0-301F-11D3-BF4B-00C04F79EFBC}") = "StoreAligned_r", "JIT\HardwareIntrinsics\X86\Avx\StoreAligned_r.csproj", "{95DFC527-4DC1-495E-97D7-E94EE1F7140D}"
EndProject
Project("{FAE04EC0-301F-11D3-BF4B-00C04F79EFBC}") = "UnpackHigh_ro", "JIT\HardwareIntrinsics\X86\Avx\UnpackHigh_ro.csproj", "{95DFC527-4DC1-495E-97D7-E94EE1F7140D}"
EndProject
Project("{FAE04EC0-301F-11D3-BF4B-00C04F79EFBC}") = "class01", "JIT\Generics\Instantiation\Classes\class01.csproj", "{544383DE-F284-4664-9E08-40D5B3597B12}"
EndProject
Project("{FAE04EC0-301F-11D3-BF4B-00C04F79EFBC}") = "MoveMask_ro", "JIT\HardwareIntrinsics\X86\Sse\MoveMask_ro.csproj", "{95DFC527-4DC1-495E-97D7-E94EE1F7140D}"
EndProject
Project("{FAE04EC0-301F-11D3-BF4B-00C04F79EFBC}") = "Store_r", "JIT\HardwareIntrinsics\X86\Sse\Store_r.csproj", "{95DFC527-4DC1-495E-97D7-E94EE1F7140D}"
EndProject
Project("{2150E333-8FDC-42A3-9474-1A3956D46DE8}") = "Interop", "Interop", "{8C3D69EF-7F27-49A5-AF5F-A66986947837}"
EndProject
Project("{2150E333-8FDC-42A3-9474-1A3956D46DE8}") = "PInvoke", "PInvoke", "{2CA578ED-63C8-4DF7-911B-BE6C0FC1A73B}"
EndProject
Project("{2150E333-8FDC-42A3-9474-1A3956D46DE8}") = "Delegate", "Delegate", "{0749E652-18B4-4D16-9E69-450C5BBC4E3A}"
EndProject
Project("{2150E333-8FDC-42A3-9474-1A3956D46DE8}") = "MarshalDelegateAsField", "MarshalDelegateAsField", "{4E8902F8-E9B0-4CCE-A5FD-31109BB60D9F}"
EndProject
Project("{FAE04EC0-301F-11D3-BF4B-00C04F79EFBC}") = "AsDefaultTest", "Interop\PInvoke\Delegate\MarshalDelegateAsField\AsDefault\AsDefaultTest.csproj", "{F1E66554-8C8E-4141-85CF-D0CD6A0CD0B0}"
EndProject
Project("{2150E333-8FDC-42A3-9474-1A3956D46DE8}") = "flowgraph", "flowgraph", "{23BF4904-F2BE-4893-A8B9-C131DE3A3D58}"
EndProject
Project("{FAE04EC0-301F-11D3-BF4B-00C04F79EFBC}") = "helper", "JIT\Methodical\flowgraph\dev10_bug679008\helper.ilproj", "{95DFC527-4DC1-495E-97D7-E94EE1F7140D}"
EndProject
Project("{FAE04EC0-301F-11D3-BF4B-00C04F79EFBC}") = "Sqrt_ro", "JIT\HardwareIntrinsics\X86\Sse2\Sqrt_ro.csproj", "{066503AD-D4E3-453D-AE7A-685199416339}"
EndProject
Project("{FAE04EC0-301F-11D3-BF4B-00C04F79EFBC}") = "class03", "JIT\Generics\Instantiation\Classes\class03.csproj", "{F3C60ECA-A5E7-478E-9CA7-6C71DB965B82}"
EndProject
Project("{2150E333-8FDC-42A3-9474-1A3956D46DE8}") = "Stress", "Stress", "{235F2420-A0F7-488D-B384-1F5C385267B5}"
EndProject
Project("{FAE04EC0-301F-11D3-BF4B-00C04F79EFBC}") = "LargeObjectAlloc2", "GC\Stress\Tests\LargeObjectAlloc2.csproj", "{C0433D66-2D49-48BF-A0ED-F165724DF311}"
EndProject
Project("{FAE04EC0-301F-11D3-BF4B-00C04F79EFBC}") = "MoveScalar_ro", "JIT\HardwareIntrinsics\X86\Sse\MoveScalar_ro.csproj", "{95DFC527-4DC1-495E-97D7-E94EE1F7140D}"
EndProject
Project("{FAE04EC0-301F-11D3-BF4B-00C04F79EFBC}") = "StoreLow_ro", "JIT\HardwareIntrinsics\X86\Sse2\StoreLow_ro.csproj", "{95DFC527-4DC1-495E-97D7-E94EE1F7140D}"
EndProject
Project("{FAE04EC0-301F-11D3-BF4B-00C04F79EFBC}") = "StoreHigh_ro", "JIT\HardwareIntrinsics\X86\Sse2\StoreHigh_ro.csproj", "{95DFC527-4DC1-495E-97D7-E94EE1F7140D}"
EndProject
Project("{FAE04EC0-301F-11D3-BF4B-00C04F79EFBC}") = "Avx_r", "JIT\HardwareIntrinsics\X86\Avx_Vector128\Avx_r.csproj", "{95DFC527-4DC1-495E-97D7-E94EE1F7140D}"
EndProject
Project("{FAE04EC0-301F-11D3-BF4B-00C04F79EFBC}") = "Test", "Loader\classloader\regressions\dev10_897464\Test.ilproj", "{95DFC527-4DC1-495E-97D7-E94EE1F7140D}"
EndProject
Project("{FAE04EC0-301F-11D3-BF4B-00C04F79EFBC}") = "testlib", "JIT\Methodical\cctor\misc\testlib.csproj", "{95DFC527-4DC1-495E-97D7-E94EE1F7140D}"
EndProject
Project("{FAE04EC0-301F-11D3-BF4B-00C04F79EFBC}") = "plug", "GC\Stress\Tests\plug.csproj", "{60AE03B0-7EE2-4EA5-A5D2-B95CA5F48E3B}"
EndProject
Project("{FAE04EC0-301F-11D3-BF4B-00C04F79EFBC}") = "structarr_cs_do", "JIT\Methodical\MDArray\GaussJordan\structarr_cs_do.csproj", "{798CDBA4-CC8E-494D-AC4A-B892A10FFD70}"
EndProject
Project("{FAE04EC0-301F-11D3-BF4B-00C04F79EFBC}") = "HorizontalSubtract_ro", "JIT\HardwareIntrinsics\X86\Avx\HorizontalSubtract_ro.csproj", "{95DFC527-4DC1-495E-97D7-E94EE1F7140D}"
EndProject
Project("{FAE04EC0-301F-11D3-BF4B-00C04F79EFBC}") = "StoreLow_r", "JIT\HardwareIntrinsics\X86\Sse2\StoreLow_r.csproj", "{95DFC527-4DC1-495E-97D7-E94EE1F7140D}"
EndProject
Project("{FAE04EC0-301F-11D3-BF4B-00C04F79EFBC}") = "StoreAlignedNonTemporal_r", "JIT\HardwareIntrinsics\X86\Avx\StoreAlignedNonTemporal_r.csproj", "{95DFC527-4DC1-495E-97D7-E94EE1F7140D}"
EndProject
Project("{FAE04EC0-301F-11D3-BF4B-00C04F79EFBC}") = "StoreAlignedNonTemporal_ro", "JIT\HardwareIntrinsics\X86\Avx\StoreAlignedNonTemporal_ro.csproj", "{95DFC527-4DC1-495E-97D7-E94EE1F7140D}"
EndProject
Project("{FAE04EC0-301F-11D3-BF4B-00C04F79EFBC}") = "VectorArgs_ro", "JIT\SIMD\VectorArgs_ro.csproj", "{95DFC527-4DC1-495E-97D7-E94EE1F7140D}"
EndProject
Global
	GlobalSection(SolutionConfigurationPlatforms) = preSolution
		Debug|Any CPU = Debug|Any CPU
		Debug|x64 = Debug|x64
		Debug|x86 = Debug|x86
		Release|Any CPU = Release|Any CPU
		Release|x64 = Release|x64
		Release|x86 = Release|x86
	EndGlobalSection
	GlobalSection(SolutionProperties) = preSolution
		HideSolutionNode = FALSE
	EndGlobalSection
	GlobalSection(ProjectConfigurationPlatforms) = postSolution
		{320804D0-53D4-4799-95CF-AE10C670C032}.Debug|Any CPU.ActiveCfg = Debug|Any CPU
		{320804D0-53D4-4799-95CF-AE10C670C032}.Debug|Any CPU.Build.0 = Debug|Any CPU
		{320804D0-53D4-4799-95CF-AE10C670C032}.Debug|x64.ActiveCfg = Debug|Any CPU
		{320804D0-53D4-4799-95CF-AE10C670C032}.Debug|x64.Build.0 = Debug|Any CPU
		{320804D0-53D4-4799-95CF-AE10C670C032}.Debug|x86.ActiveCfg = Debug|Any CPU
		{320804D0-53D4-4799-95CF-AE10C670C032}.Debug|x86.Build.0 = Debug|Any CPU
		{320804D0-53D4-4799-95CF-AE10C670C032}.Release|Any CPU.ActiveCfg = Release|Any CPU
		{320804D0-53D4-4799-95CF-AE10C670C032}.Release|Any CPU.Build.0 = Release|Any CPU
		{320804D0-53D4-4799-95CF-AE10C670C032}.Release|x64.ActiveCfg = Release|Any CPU
		{320804D0-53D4-4799-95CF-AE10C670C032}.Release|x64.Build.0 = Release|Any CPU
		{320804D0-53D4-4799-95CF-AE10C670C032}.Release|x86.ActiveCfg = Release|Any CPU
		{320804D0-53D4-4799-95CF-AE10C670C032}.Release|x86.Build.0 = Release|Any CPU
		{4ED2C098-36DB-41CE-AA04-EDF02F1D63B0}.Debug|Any CPU.ActiveCfg = Debug|Any CPU
		{4ED2C098-36DB-41CE-AA04-EDF02F1D63B0}.Debug|Any CPU.Build.0 = Debug|Any CPU
		{4ED2C098-36DB-41CE-AA04-EDF02F1D63B0}.Debug|x64.ActiveCfg = Debug|Any CPU
		{4ED2C098-36DB-41CE-AA04-EDF02F1D63B0}.Debug|x64.Build.0 = Debug|Any CPU
		{4ED2C098-36DB-41CE-AA04-EDF02F1D63B0}.Debug|x86.ActiveCfg = Debug|Any CPU
		{4ED2C098-36DB-41CE-AA04-EDF02F1D63B0}.Debug|x86.Build.0 = Debug|Any CPU
		{4ED2C098-36DB-41CE-AA04-EDF02F1D63B0}.Release|Any CPU.ActiveCfg = Release|Any CPU
		{4ED2C098-36DB-41CE-AA04-EDF02F1D63B0}.Release|Any CPU.Build.0 = Release|Any CPU
		{4ED2C098-36DB-41CE-AA04-EDF02F1D63B0}.Release|x64.ActiveCfg = Release|Any CPU
		{4ED2C098-36DB-41CE-AA04-EDF02F1D63B0}.Release|x64.Build.0 = Release|Any CPU
		{4ED2C098-36DB-41CE-AA04-EDF02F1D63B0}.Release|x86.ActiveCfg = Release|Any CPU
		{4ED2C098-36DB-41CE-AA04-EDF02F1D63B0}.Release|x86.Build.0 = Release|Any CPU
		{95DFC527-4DC1-495E-97D7-E94EE1F7140D}.Debug|Any CPU.ActiveCfg = Debug|Any CPU
		{95DFC527-4DC1-495E-97D7-E94EE1F7140D}.Debug|Any CPU.Build.0 = Debug|Any CPU
		{95DFC527-4DC1-495E-97D7-E94EE1F7140D}.Debug|x64.ActiveCfg = Debug|Any CPU
		{95DFC527-4DC1-495E-97D7-E94EE1F7140D}.Debug|x64.Build.0 = Debug|Any CPU
		{95DFC527-4DC1-495E-97D7-E94EE1F7140D}.Debug|x86.ActiveCfg = Debug|Any CPU
		{95DFC527-4DC1-495E-97D7-E94EE1F7140D}.Debug|x86.Build.0 = Debug|Any CPU
		{95DFC527-4DC1-495E-97D7-E94EE1F7140D}.Release|Any CPU.ActiveCfg = Release|Any CPU
		{95DFC527-4DC1-495E-97D7-E94EE1F7140D}.Release|Any CPU.Build.0 = Release|Any CPU
		{95DFC527-4DC1-495E-97D7-E94EE1F7140D}.Release|x64.ActiveCfg = Release|Any CPU
		{95DFC527-4DC1-495E-97D7-E94EE1F7140D}.Release|x64.Build.0 = Release|Any CPU
		{95DFC527-4DC1-495E-97D7-E94EE1F7140D}.Release|x86.ActiveCfg = Release|Any CPU
		{95DFC527-4DC1-495E-97D7-E94EE1F7140D}.Release|x86.Build.0 = Release|Any CPU
		{6CB0BBD7-6399-4955-B727-F99DEE7F7063}.Debug|Any CPU.ActiveCfg = Debug|Any CPU
		{6CB0BBD7-6399-4955-B727-F99DEE7F7063}.Debug|Any CPU.Build.0 = Debug|Any CPU
		{6CB0BBD7-6399-4955-B727-F99DEE7F7063}.Debug|x64.ActiveCfg = Debug|Any CPU
		{6CB0BBD7-6399-4955-B727-F99DEE7F7063}.Debug|x64.Build.0 = Debug|Any CPU
		{6CB0BBD7-6399-4955-B727-F99DEE7F7063}.Debug|x86.ActiveCfg = Debug|Any CPU
		{6CB0BBD7-6399-4955-B727-F99DEE7F7063}.Debug|x86.Build.0 = Debug|Any CPU
		{6CB0BBD7-6399-4955-B727-F99DEE7F7063}.Release|Any CPU.ActiveCfg = Release|Any CPU
		{6CB0BBD7-6399-4955-B727-F99DEE7F7063}.Release|Any CPU.Build.0 = Release|Any CPU
		{6CB0BBD7-6399-4955-B727-F99DEE7F7063}.Release|x64.ActiveCfg = Release|Any CPU
		{6CB0BBD7-6399-4955-B727-F99DEE7F7063}.Release|x64.Build.0 = Release|Any CPU
		{6CB0BBD7-6399-4955-B727-F99DEE7F7063}.Release|x86.ActiveCfg = Release|Any CPU
		{6CB0BBD7-6399-4955-B727-F99DEE7F7063}.Release|x86.Build.0 = Release|Any CPU
		{708E31E2-7DDD-42D7-8DC9-8E32514A006B}.Debug|Any CPU.ActiveCfg = Debug|Any CPU
		{708E31E2-7DDD-42D7-8DC9-8E32514A006B}.Debug|Any CPU.Build.0 = Debug|Any CPU
		{708E31E2-7DDD-42D7-8DC9-8E32514A006B}.Debug|x64.ActiveCfg = Debug|Any CPU
		{708E31E2-7DDD-42D7-8DC9-8E32514A006B}.Debug|x64.Build.0 = Debug|Any CPU
		{708E31E2-7DDD-42D7-8DC9-8E32514A006B}.Debug|x86.ActiveCfg = Debug|Any CPU
		{708E31E2-7DDD-42D7-8DC9-8E32514A006B}.Debug|x86.Build.0 = Debug|Any CPU
		{708E31E2-7DDD-42D7-8DC9-8E32514A006B}.Release|Any CPU.ActiveCfg = Release|Any CPU
		{708E31E2-7DDD-42D7-8DC9-8E32514A006B}.Release|Any CPU.Build.0 = Release|Any CPU
		{708E31E2-7DDD-42D7-8DC9-8E32514A006B}.Release|x64.ActiveCfg = Release|Any CPU
		{708E31E2-7DDD-42D7-8DC9-8E32514A006B}.Release|x64.Build.0 = Release|Any CPU
		{708E31E2-7DDD-42D7-8DC9-8E32514A006B}.Release|x86.ActiveCfg = Release|Any CPU
		{708E31E2-7DDD-42D7-8DC9-8E32514A006B}.Release|x86.Build.0 = Release|Any CPU
		{666A1E0A-7B7E-4FEA-A709-89B8106126B7}.Debug|Any CPU.ActiveCfg = Debug|Any CPU
		{666A1E0A-7B7E-4FEA-A709-89B8106126B7}.Debug|Any CPU.Build.0 = Debug|Any CPU
		{666A1E0A-7B7E-4FEA-A709-89B8106126B7}.Debug|x64.ActiveCfg = Debug|Any CPU
		{666A1E0A-7B7E-4FEA-A709-89B8106126B7}.Debug|x64.Build.0 = Debug|Any CPU
		{666A1E0A-7B7E-4FEA-A709-89B8106126B7}.Debug|x86.ActiveCfg = Debug|Any CPU
		{666A1E0A-7B7E-4FEA-A709-89B8106126B7}.Debug|x86.Build.0 = Debug|Any CPU
		{666A1E0A-7B7E-4FEA-A709-89B8106126B7}.Release|Any CPU.ActiveCfg = Release|Any CPU
		{666A1E0A-7B7E-4FEA-A709-89B8106126B7}.Release|Any CPU.Build.0 = Release|Any CPU
		{666A1E0A-7B7E-4FEA-A709-89B8106126B7}.Release|x64.ActiveCfg = Release|Any CPU
		{666A1E0A-7B7E-4FEA-A709-89B8106126B7}.Release|x64.Build.0 = Release|Any CPU
		{666A1E0A-7B7E-4FEA-A709-89B8106126B7}.Release|x86.ActiveCfg = Release|Any CPU
		{666A1E0A-7B7E-4FEA-A709-89B8106126B7}.Release|x86.Build.0 = Release|Any CPU
		{EC7AD883-41EA-4BDC-BFBE-77A78B727D76}.Debug|Any CPU.ActiveCfg = Debug|Any CPU
		{EC7AD883-41EA-4BDC-BFBE-77A78B727D76}.Debug|Any CPU.Build.0 = Debug|Any CPU
		{EC7AD883-41EA-4BDC-BFBE-77A78B727D76}.Debug|x64.ActiveCfg = Debug|Any CPU
		{EC7AD883-41EA-4BDC-BFBE-77A78B727D76}.Debug|x64.Build.0 = Debug|Any CPU
		{EC7AD883-41EA-4BDC-BFBE-77A78B727D76}.Debug|x86.ActiveCfg = Debug|Any CPU
		{EC7AD883-41EA-4BDC-BFBE-77A78B727D76}.Debug|x86.Build.0 = Debug|Any CPU
		{EC7AD883-41EA-4BDC-BFBE-77A78B727D76}.Release|Any CPU.ActiveCfg = Release|Any CPU
		{EC7AD883-41EA-4BDC-BFBE-77A78B727D76}.Release|Any CPU.Build.0 = Release|Any CPU
		{EC7AD883-41EA-4BDC-BFBE-77A78B727D76}.Release|x64.ActiveCfg = Release|Any CPU
		{EC7AD883-41EA-4BDC-BFBE-77A78B727D76}.Release|x64.Build.0 = Release|Any CPU
		{EC7AD883-41EA-4BDC-BFBE-77A78B727D76}.Release|x86.ActiveCfg = Release|Any CPU
		{EC7AD883-41EA-4BDC-BFBE-77A78B727D76}.Release|x86.Build.0 = Release|Any CPU
		{77A6EF9E-9175-41D4-A132-C412833693B5}.Debug|Any CPU.ActiveCfg = Debug|Any CPU
		{77A6EF9E-9175-41D4-A132-C412833693B5}.Debug|Any CPU.Build.0 = Debug|Any CPU
		{77A6EF9E-9175-41D4-A132-C412833693B5}.Debug|x64.ActiveCfg = Debug|Any CPU
		{77A6EF9E-9175-41D4-A132-C412833693B5}.Debug|x64.Build.0 = Debug|Any CPU
		{77A6EF9E-9175-41D4-A132-C412833693B5}.Debug|x86.ActiveCfg = Debug|Any CPU
		{77A6EF9E-9175-41D4-A132-C412833693B5}.Debug|x86.Build.0 = Debug|Any CPU
		{77A6EF9E-9175-41D4-A132-C412833693B5}.Release|Any CPU.ActiveCfg = Release|Any CPU
		{77A6EF9E-9175-41D4-A132-C412833693B5}.Release|Any CPU.Build.0 = Release|Any CPU
		{77A6EF9E-9175-41D4-A132-C412833693B5}.Release|x64.ActiveCfg = Release|Any CPU
		{77A6EF9E-9175-41D4-A132-C412833693B5}.Release|x64.Build.0 = Release|Any CPU
		{77A6EF9E-9175-41D4-A132-C412833693B5}.Release|x86.ActiveCfg = Release|Any CPU
		{77A6EF9E-9175-41D4-A132-C412833693B5}.Release|x86.Build.0 = Release|Any CPU
		{37B10A10-D699-4CB0-A5C0-B5A949AC2304}.Debug|Any CPU.ActiveCfg = Debug|Any CPU
		{37B10A10-D699-4CB0-A5C0-B5A949AC2304}.Debug|Any CPU.Build.0 = Debug|Any CPU
		{37B10A10-D699-4CB0-A5C0-B5A949AC2304}.Debug|x64.ActiveCfg = Debug|Any CPU
		{37B10A10-D699-4CB0-A5C0-B5A949AC2304}.Debug|x64.Build.0 = Debug|Any CPU
		{37B10A10-D699-4CB0-A5C0-B5A949AC2304}.Debug|x86.ActiveCfg = Debug|Any CPU
		{37B10A10-D699-4CB0-A5C0-B5A949AC2304}.Debug|x86.Build.0 = Debug|Any CPU
		{37B10A10-D699-4CB0-A5C0-B5A949AC2304}.Release|Any CPU.ActiveCfg = Release|Any CPU
		{37B10A10-D699-4CB0-A5C0-B5A949AC2304}.Release|Any CPU.Build.0 = Release|Any CPU
		{37B10A10-D699-4CB0-A5C0-B5A949AC2304}.Release|x64.ActiveCfg = Release|Any CPU
		{37B10A10-D699-4CB0-A5C0-B5A949AC2304}.Release|x64.Build.0 = Release|Any CPU
		{37B10A10-D699-4CB0-A5C0-B5A949AC2304}.Release|x86.ActiveCfg = Release|Any CPU
		{37B10A10-D699-4CB0-A5C0-B5A949AC2304}.Release|x86.Build.0 = Release|Any CPU
		{2FEDB07F-3F15-458C-BDE8-A0AC979F0F12}.Debug|Any CPU.ActiveCfg = Debug|Any CPU
		{2FEDB07F-3F15-458C-BDE8-A0AC979F0F12}.Debug|Any CPU.Build.0 = Debug|Any CPU
		{2FEDB07F-3F15-458C-BDE8-A0AC979F0F12}.Debug|x64.ActiveCfg = Debug|Any CPU
		{2FEDB07F-3F15-458C-BDE8-A0AC979F0F12}.Debug|x64.Build.0 = Debug|Any CPU
		{2FEDB07F-3F15-458C-BDE8-A0AC979F0F12}.Debug|x86.ActiveCfg = Debug|Any CPU
		{2FEDB07F-3F15-458C-BDE8-A0AC979F0F12}.Debug|x86.Build.0 = Debug|Any CPU
		{2FEDB07F-3F15-458C-BDE8-A0AC979F0F12}.Release|Any CPU.ActiveCfg = Release|Any CPU
		{2FEDB07F-3F15-458C-BDE8-A0AC979F0F12}.Release|Any CPU.Build.0 = Release|Any CPU
		{2FEDB07F-3F15-458C-BDE8-A0AC979F0F12}.Release|x64.ActiveCfg = Release|Any CPU
		{2FEDB07F-3F15-458C-BDE8-A0AC979F0F12}.Release|x64.Build.0 = Release|Any CPU
		{2FEDB07F-3F15-458C-BDE8-A0AC979F0F12}.Release|x86.ActiveCfg = Release|Any CPU
		{2FEDB07F-3F15-458C-BDE8-A0AC979F0F12}.Release|x86.Build.0 = Release|Any CPU
		{D66EC32E-2B69-42CB-8FED-468315ACC6E6}.Debug|Any CPU.ActiveCfg = Debug|Any CPU
		{D66EC32E-2B69-42CB-8FED-468315ACC6E6}.Debug|Any CPU.Build.0 = Debug|Any CPU
		{D66EC32E-2B69-42CB-8FED-468315ACC6E6}.Debug|x64.ActiveCfg = Debug|Any CPU
		{D66EC32E-2B69-42CB-8FED-468315ACC6E6}.Debug|x64.Build.0 = Debug|Any CPU
		{D66EC32E-2B69-42CB-8FED-468315ACC6E6}.Debug|x86.ActiveCfg = Debug|Any CPU
		{D66EC32E-2B69-42CB-8FED-468315ACC6E6}.Debug|x86.Build.0 = Debug|Any CPU
		{D66EC32E-2B69-42CB-8FED-468315ACC6E6}.Release|Any CPU.ActiveCfg = Release|Any CPU
		{D66EC32E-2B69-42CB-8FED-468315ACC6E6}.Release|Any CPU.Build.0 = Release|Any CPU
		{D66EC32E-2B69-42CB-8FED-468315ACC6E6}.Release|x64.ActiveCfg = Release|Any CPU
		{D66EC32E-2B69-42CB-8FED-468315ACC6E6}.Release|x64.Build.0 = Release|Any CPU
		{D66EC32E-2B69-42CB-8FED-468315ACC6E6}.Release|x86.ActiveCfg = Release|Any CPU
		{D66EC32E-2B69-42CB-8FED-468315ACC6E6}.Release|x86.Build.0 = Release|Any CPU
		{544383DE-F284-4664-9E08-40D5B3597B12}.Debug|Any CPU.ActiveCfg = Debug|Any CPU
		{544383DE-F284-4664-9E08-40D5B3597B12}.Debug|Any CPU.Build.0 = Debug|Any CPU
		{544383DE-F284-4664-9E08-40D5B3597B12}.Debug|x64.ActiveCfg = Debug|Any CPU
		{544383DE-F284-4664-9E08-40D5B3597B12}.Debug|x64.Build.0 = Debug|Any CPU
		{544383DE-F284-4664-9E08-40D5B3597B12}.Debug|x86.ActiveCfg = Debug|Any CPU
		{544383DE-F284-4664-9E08-40D5B3597B12}.Debug|x86.Build.0 = Debug|Any CPU
		{544383DE-F284-4664-9E08-40D5B3597B12}.Release|Any CPU.ActiveCfg = Release|Any CPU
		{544383DE-F284-4664-9E08-40D5B3597B12}.Release|Any CPU.Build.0 = Release|Any CPU
		{544383DE-F284-4664-9E08-40D5B3597B12}.Release|x64.ActiveCfg = Release|Any CPU
		{544383DE-F284-4664-9E08-40D5B3597B12}.Release|x64.Build.0 = Release|Any CPU
		{544383DE-F284-4664-9E08-40D5B3597B12}.Release|x86.ActiveCfg = Release|Any CPU
		{544383DE-F284-4664-9E08-40D5B3597B12}.Release|x86.Build.0 = Release|Any CPU
		{F1E66554-8C8E-4141-85CF-D0CD6A0CD0B0}.Debug|Any CPU.ActiveCfg = Debug|Any CPU
		{F1E66554-8C8E-4141-85CF-D0CD6A0CD0B0}.Debug|Any CPU.Build.0 = Debug|Any CPU
		{F1E66554-8C8E-4141-85CF-D0CD6A0CD0B0}.Debug|x64.ActiveCfg = Debug|Any CPU
		{F1E66554-8C8E-4141-85CF-D0CD6A0CD0B0}.Debug|x64.Build.0 = Debug|Any CPU
		{F1E66554-8C8E-4141-85CF-D0CD6A0CD0B0}.Debug|x86.ActiveCfg = Debug|Any CPU
		{F1E66554-8C8E-4141-85CF-D0CD6A0CD0B0}.Debug|x86.Build.0 = Debug|Any CPU
		{F1E66554-8C8E-4141-85CF-D0CD6A0CD0B0}.Release|Any CPU.ActiveCfg = Release|Any CPU
		{F1E66554-8C8E-4141-85CF-D0CD6A0CD0B0}.Release|Any CPU.Build.0 = Release|Any CPU
		{F1E66554-8C8E-4141-85CF-D0CD6A0CD0B0}.Release|x64.ActiveCfg = Release|Any CPU
		{F1E66554-8C8E-4141-85CF-D0CD6A0CD0B0}.Release|x64.Build.0 = Release|Any CPU
		{F1E66554-8C8E-4141-85CF-D0CD6A0CD0B0}.Release|x86.ActiveCfg = Release|Any CPU
		{F1E66554-8C8E-4141-85CF-D0CD6A0CD0B0}.Release|x86.Build.0 = Release|Any CPU
		{066503AD-D4E3-453D-AE7A-685199416339}.Debug|Any CPU.ActiveCfg = Debug|Any CPU
		{066503AD-D4E3-453D-AE7A-685199416339}.Debug|Any CPU.Build.0 = Debug|Any CPU
		{066503AD-D4E3-453D-AE7A-685199416339}.Debug|x64.ActiveCfg = Debug|Any CPU
		{066503AD-D4E3-453D-AE7A-685199416339}.Debug|x64.Build.0 = Debug|Any CPU
		{066503AD-D4E3-453D-AE7A-685199416339}.Debug|x86.ActiveCfg = Debug|Any CPU
		{066503AD-D4E3-453D-AE7A-685199416339}.Debug|x86.Build.0 = Debug|Any CPU
		{066503AD-D4E3-453D-AE7A-685199416339}.Release|Any CPU.ActiveCfg = Release|Any CPU
		{066503AD-D4E3-453D-AE7A-685199416339}.Release|Any CPU.Build.0 = Release|Any CPU
		{066503AD-D4E3-453D-AE7A-685199416339}.Release|x64.ActiveCfg = Release|Any CPU
		{066503AD-D4E3-453D-AE7A-685199416339}.Release|x64.Build.0 = Release|Any CPU
		{066503AD-D4E3-453D-AE7A-685199416339}.Release|x86.ActiveCfg = Release|Any CPU
		{066503AD-D4E3-453D-AE7A-685199416339}.Release|x86.Build.0 = Release|Any CPU
		{F3C60ECA-A5E7-478E-9CA7-6C71DB965B82}.Debug|Any CPU.ActiveCfg = Debug|Any CPU
		{F3C60ECA-A5E7-478E-9CA7-6C71DB965B82}.Debug|Any CPU.Build.0 = Debug|Any CPU
		{F3C60ECA-A5E7-478E-9CA7-6C71DB965B82}.Debug|x64.ActiveCfg = Debug|Any CPU
		{F3C60ECA-A5E7-478E-9CA7-6C71DB965B82}.Debug|x64.Build.0 = Debug|Any CPU
		{F3C60ECA-A5E7-478E-9CA7-6C71DB965B82}.Debug|x86.ActiveCfg = Debug|Any CPU
		{F3C60ECA-A5E7-478E-9CA7-6C71DB965B82}.Debug|x86.Build.0 = Debug|Any CPU
		{F3C60ECA-A5E7-478E-9CA7-6C71DB965B82}.Release|Any CPU.ActiveCfg = Release|Any CPU
		{F3C60ECA-A5E7-478E-9CA7-6C71DB965B82}.Release|Any CPU.Build.0 = Release|Any CPU
		{F3C60ECA-A5E7-478E-9CA7-6C71DB965B82}.Release|x64.ActiveCfg = Release|Any CPU
		{F3C60ECA-A5E7-478E-9CA7-6C71DB965B82}.Release|x64.Build.0 = Release|Any CPU
		{F3C60ECA-A5E7-478E-9CA7-6C71DB965B82}.Release|x86.ActiveCfg = Release|Any CPU
		{F3C60ECA-A5E7-478E-9CA7-6C71DB965B82}.Release|x86.Build.0 = Release|Any CPU
		{C0433D66-2D49-48BF-A0ED-F165724DF311}.Debug|Any CPU.ActiveCfg = Debug|Any CPU
		{C0433D66-2D49-48BF-A0ED-F165724DF311}.Debug|Any CPU.Build.0 = Debug|Any CPU
		{C0433D66-2D49-48BF-A0ED-F165724DF311}.Debug|x64.ActiveCfg = Debug|Any CPU
		{C0433D66-2D49-48BF-A0ED-F165724DF311}.Debug|x64.Build.0 = Debug|Any CPU
		{C0433D66-2D49-48BF-A0ED-F165724DF311}.Debug|x86.ActiveCfg = Debug|Any CPU
		{C0433D66-2D49-48BF-A0ED-F165724DF311}.Debug|x86.Build.0 = Debug|Any CPU
		{C0433D66-2D49-48BF-A0ED-F165724DF311}.Release|Any CPU.ActiveCfg = Release|Any CPU
		{C0433D66-2D49-48BF-A0ED-F165724DF311}.Release|Any CPU.Build.0 = Release|Any CPU
		{C0433D66-2D49-48BF-A0ED-F165724DF311}.Release|x64.ActiveCfg = Release|Any CPU
		{C0433D66-2D49-48BF-A0ED-F165724DF311}.Release|x64.Build.0 = Release|Any CPU
		{C0433D66-2D49-48BF-A0ED-F165724DF311}.Release|x86.ActiveCfg = Release|Any CPU
		{C0433D66-2D49-48BF-A0ED-F165724DF311}.Release|x86.Build.0 = Release|Any CPU
		{60AE03B0-7EE2-4EA5-A5D2-B95CA5F48E3B}.Debug|Any CPU.ActiveCfg = Debug|Any CPU
		{60AE03B0-7EE2-4EA5-A5D2-B95CA5F48E3B}.Debug|Any CPU.Build.0 = Debug|Any CPU
		{60AE03B0-7EE2-4EA5-A5D2-B95CA5F48E3B}.Debug|x64.ActiveCfg = Debug|Any CPU
		{60AE03B0-7EE2-4EA5-A5D2-B95CA5F48E3B}.Debug|x64.Build.0 = Debug|Any CPU
		{60AE03B0-7EE2-4EA5-A5D2-B95CA5F48E3B}.Debug|x86.ActiveCfg = Debug|Any CPU
		{60AE03B0-7EE2-4EA5-A5D2-B95CA5F48E3B}.Debug|x86.Build.0 = Debug|Any CPU
		{60AE03B0-7EE2-4EA5-A5D2-B95CA5F48E3B}.Release|Any CPU.ActiveCfg = Release|Any CPU
		{60AE03B0-7EE2-4EA5-A5D2-B95CA5F48E3B}.Release|Any CPU.Build.0 = Release|Any CPU
		{60AE03B0-7EE2-4EA5-A5D2-B95CA5F48E3B}.Release|x64.ActiveCfg = Release|Any CPU
		{60AE03B0-7EE2-4EA5-A5D2-B95CA5F48E3B}.Release|x64.Build.0 = Release|Any CPU
		{60AE03B0-7EE2-4EA5-A5D2-B95CA5F48E3B}.Release|x86.ActiveCfg = Release|Any CPU
		{60AE03B0-7EE2-4EA5-A5D2-B95CA5F48E3B}.Release|x86.Build.0 = Release|Any CPU
		{798CDBA4-CC8E-494D-AC4A-B892A10FFD70}.Debug|Any CPU.ActiveCfg = Debug|Any CPU
		{798CDBA4-CC8E-494D-AC4A-B892A10FFD70}.Debug|Any CPU.Build.0 = Debug|Any CPU
		{798CDBA4-CC8E-494D-AC4A-B892A10FFD70}.Debug|x64.ActiveCfg = Debug|Any CPU
		{798CDBA4-CC8E-494D-AC4A-B892A10FFD70}.Debug|x64.Build.0 = Debug|Any CPU
		{798CDBA4-CC8E-494D-AC4A-B892A10FFD70}.Debug|x86.ActiveCfg = Debug|Any CPU
		{798CDBA4-CC8E-494D-AC4A-B892A10FFD70}.Debug|x86.Build.0 = Debug|Any CPU
		{798CDBA4-CC8E-494D-AC4A-B892A10FFD70}.Release|Any CPU.ActiveCfg = Release|Any CPU
		{798CDBA4-CC8E-494D-AC4A-B892A10FFD70}.Release|Any CPU.Build.0 = Release|Any CPU
		{798CDBA4-CC8E-494D-AC4A-B892A10FFD70}.Release|x64.ActiveCfg = Release|Any CPU
		{798CDBA4-CC8E-494D-AC4A-B892A10FFD70}.Release|x64.Build.0 = Release|Any CPU
		{798CDBA4-CC8E-494D-AC4A-B892A10FFD70}.Release|x86.ActiveCfg = Release|Any CPU
		{798CDBA4-CC8E-494D-AC4A-B892A10FFD70}.Release|x86.Build.0 = Release|Any CPU
	EndGlobalSection
	GlobalSection(NestedProjects) = preSolution
		{3D36D48A-2EDD-4B3C-951D-8AF7F9BB5063} = {6C95E730-6EE2-4BD0-BC2E-FE6825D024DA}
		{A285F1D1-DF4A-40B8-A9EC-41EF1D740387} = {3D36D48A-2EDD-4B3C-951D-8AF7F9BB5063}
		{320804D0-53D4-4799-95CF-AE10C670C032} = {A285F1D1-DF4A-40B8-A9EC-41EF1D740387}
		{4ED2C098-36DB-41CE-AA04-EDF02F1D63B0} = {A285F1D1-DF4A-40B8-A9EC-41EF1D740387}
		{6D42A32B-FB4F-49A4-B831-A4651D434B90} = {6C95E730-6EE2-4BD0-BC2E-FE6825D024DA}
		{D74D0200-2B93-443D-81EE-E2A7522D5DD1} = {6D42A32B-FB4F-49A4-B831-A4651D434B90}
		{95DFC527-4DC1-495E-97D7-E94EE1F7140D} = {6C95E730-6EE2-4BD0-BC2E-FE6825D024DA}
		{81F79006-6E0E-4075-96EC-3DFD30E5222C} = {64B33250-74E4-41B0-86D3-FEF0C996AC47}
		{80BDCC00-D36E-4BA9-BF5D-C23BB6E084B4} = {81F79006-6E0E-4075-96EC-3DFD30E5222C}
		{6CB0BBD7-6399-4955-B727-F99DEE7F7063} = {6D42A32B-FB4F-49A4-B831-A4651D434B90}
		{39E8D886-E80F-4ECE-9984-0E1DE008CEAD} = {6C95E730-6EE2-4BD0-BC2E-FE6825D024DA}
		{DD4C090F-5F53-4F2C-87C3-117C036EB5BC} = {39E8D886-E80F-4ECE-9984-0E1DE008CEAD}
		{B6842204-7C7A-45EF-9063-F67107F160F3} = {DD16ACF6-DD6E-4AFB-AF29-D5AF4734EBC9}
		{3355F344-F327-4B1E-B829-842782F1F573} = {B6842204-7C7A-45EF-9063-F67107F160F3}
		{3C0F11EE-BEA9-4CCD-B666-9AF273387806} = {3355F344-F327-4B1E-B829-842782F1F573}
		{F14A654C-09C7-4CF1-AD55-EE03423349DF} = {39E8D886-E80F-4ECE-9984-0E1DE008CEAD}
		{708E31E2-7DDD-42D7-8DC9-8E32514A006B} = {F14A654C-09C7-4CF1-AD55-EE03423349DF}
		{666A1E0A-7B7E-4FEA-A709-89B8106126B7} = {F14A654C-09C7-4CF1-AD55-EE03423349DF}
		{EC7AD883-41EA-4BDC-BFBE-77A78B727D76} = {D74D0200-2B93-443D-81EE-E2A7522D5DD1}
		{7E6CF24C-093B-4873-BAF1-B6C6C01743B4} = {64B33250-74E4-41B0-86D3-FEF0C996AC47}
		{D33E1DF5-45B8-4A6C-9B74-6EBD11265C4B} = {83F12D5B-1EF8-447D-BFDB-9665EC91B1B0}
		{77A6EF9E-9175-41D4-A132-C412833693B5} = {D33E1DF5-45B8-4A6C-9B74-6EBD11265C4B}
		{F4D4D162-1609-4398-8EC7-55EE3B6B8B42} = {B6842204-7C7A-45EF-9063-F67107F160F3}
		{3BAC8BB9-5D80-4FD0-B9A1-F6495F3A7120} = {6C95E730-6EE2-4BD0-BC2E-FE6825D024DA}
		{677A6349-FF75-4873-918C-EA12A34FFC72} = {3BAC8BB9-5D80-4FD0-B9A1-F6495F3A7120}
		{DD86446C-4EFD-49E6-ACCB-3F1B1AC7123E} = {677A6349-FF75-4873-918C-EA12A34FFC72}
		{1B4366A1-CA13-4CE2-AB2C-08098E130B1E} = {DD86446C-4EFD-49E6-ACCB-3F1B1AC7123E}
		{92D40557-3B81-47CA-84D8-9A92FD98CCDE} = {3BAC8BB9-5D80-4FD0-B9A1-F6495F3A7120}
		{BA63DE72-B236-4585-B598-92C6FE2CC7B0} = {92D40557-3B81-47CA-84D8-9A92FD98CCDE}
		{6458F24C-C35F-4AF6-AC76-7FAA416E55AB} = {6C95E730-6EE2-4BD0-BC2E-FE6825D024DA}
		{6C720437-9596-4DF5-9CD5-03D2BF3F4E1B} = {6458F24C-C35F-4AF6-AC76-7FAA416E55AB}
		{7A9F0FE2-6946-4637-ACF8-824E120392CB} = {39E8D886-E80F-4ECE-9984-0E1DE008CEAD}
		{72300438-40C1-436F-AE4C-09096E37DE86} = {7A9F0FE2-6946-4637-ACF8-824E120392CB}
		{37B10A10-D699-4CB0-A5C0-B5A949AC2304} = {F14A654C-09C7-4CF1-AD55-EE03423349DF}
		{2FEDB07F-3F15-458C-BDE8-A0AC979F0F12} = {F14A654C-09C7-4CF1-AD55-EE03423349DF}
		{D66EC32E-2B69-42CB-8FED-468315ACC6E6} = {D74D0200-2B93-443D-81EE-E2A7522D5DD1}
		{49C08100-26F0-416B-BFD5-A3973FA831C4} = {3BAC8BB9-5D80-4FD0-B9A1-F6495F3A7120}
		{DE461729-083D-49BA-B3EA-4114BFA28DE6} = {49C08100-26F0-416B-BFD5-A3973FA831C4}
		{09BAC5BB-3E30-46A1-B951-903E48E7BF96} = {B6842204-7C7A-45EF-9063-F67107F160F3}
		{544383DE-F284-4664-9E08-40D5B3597B12} = {A285F1D1-DF4A-40B8-A9EC-41EF1D740387}
		{2CA578ED-63C8-4DF7-911B-BE6C0FC1A73B} = {8C3D69EF-7F27-49A5-AF5F-A66986947837}
		{0749E652-18B4-4D16-9E69-450C5BBC4E3A} = {2CA578ED-63C8-4DF7-911B-BE6C0FC1A73B}
		{4E8902F8-E9B0-4CCE-A5FD-31109BB60D9F} = {0749E652-18B4-4D16-9E69-450C5BBC4E3A}
		{F1E66554-8C8E-4141-85CF-D0CD6A0CD0B0} = {4E8902F8-E9B0-4CCE-A5FD-31109BB60D9F}
		{23BF4904-F2BE-4893-A8B9-C131DE3A3D58} = {39E8D886-E80F-4ECE-9984-0E1DE008CEAD}
		{066503AD-D4E3-453D-AE7A-685199416339} = {D74D0200-2B93-443D-81EE-E2A7522D5DD1}
		{F3C60ECA-A5E7-478E-9CA7-6C71DB965B82} = {A285F1D1-DF4A-40B8-A9EC-41EF1D740387}
		{235F2420-A0F7-488D-B384-1F5C385267B5} = {64B33250-74E4-41B0-86D3-FEF0C996AC47}
		{C0433D66-2D49-48BF-A0ED-F165724DF311} = {235F2420-A0F7-488D-B384-1F5C385267B5}
		{60AE03B0-7EE2-4EA5-A5D2-B95CA5F48E3B} = {235F2420-A0F7-488D-B384-1F5C385267B5}
		{798CDBA4-CC8E-494D-AC4A-B892A10FFD70} = {F14A654C-09C7-4CF1-AD55-EE03423349DF}
	EndGlobalSection
EndGlobal
