
Microsoft Visual Studio Solution File, Format Version 12.00
# Visual Studio 15
VisualStudioVersion = 15.0.28307.852
MinimumVisualStudioVersion = 10.0.40219.1
Project("{9A19103F-16F7-4668-BE54-9A1E7A4F7556}") = "JitOrderParser", "JitOrderParser.csproj", "{D771E81C-E8A6-430B-A141-3047AD936AA5}"
EndProject
Global
	GlobalSection(SolutionConfigurationPlatforms) = preSolution
		Debug|Any CPU = Debug|Any CPU
		Release|Any CPU = Release|Any CPU
	EndGlobalSection
	GlobalSection(ProjectConfigurationPlatforms) = postSolution
		{D771E81C-E8A6-430B-A141-3047AD936AA5}.Debug|Any CPU.ActiveCfg = Debug|Any CPU
		{D771E81C-E8A6-430B-A141-3047AD936AA5}.Debug|Any CPU.Build.0 = Debug|Any CPU
		{D771E81C-E8A6-430B-A141-3047AD936AA5}.Release|Any CPU.ActiveCfg = Release|Any CPU
		{D771E81C-E8A6-430B-A141-3047AD936AA5}.Release|Any CPU.Build.0 = Release|Any CPU
	EndGlobalSection
	GlobalSection(SolutionProperties) = preSolution
		HideSolutionNode = FALSE
	EndGlobalSection
	GlobalSection(ExtensibilityGlobals) = postSolution
		SolutionGuid = {AE3A6A0F-57FF-4C18-AD4F-128854B4CE0D}
	EndGlobalSection
EndGlobal
